// !$*UTF8*$!
{
	archiveVersion = 1;
	classes = {
	};
	objectVersion = 50;
	objects = {

/* Begin PBXBuildFile section */
		4F085913966972F9CDA173B8 /* Pods_twitter_sentiment_analyzer.framework in Frameworks */ = {isa = PBXBuildFile; fileRef = 8AFD088AAB88C74DEADA90D4 /* Pods_twitter_sentiment_analyzer.framework */; };
		5F02CE9525E85151000672A1 /* AppDelegate.swift in Sources */ = {isa = PBXBuildFile; fileRef = 5F02CE9425E85151000672A1 /* AppDelegate.swift */; };
		5F02CE9725E85151000672A1 /* SceneDelegate.swift in Sources */ = {isa = PBXBuildFile; fileRef = 5F02CE9625E85151000672A1 /* SceneDelegate.swift */; };
		5F02CE9925E85151000672A1 /* ViewController.swift in Sources */ = {isa = PBXBuildFile; fileRef = 5F02CE9825E85151000672A1 /* ViewController.swift */; };
		5F02CE9C25E85151000672A1 /* Main.storyboard in Resources */ = {isa = PBXBuildFile; fileRef = 5F02CE9A25E85151000672A1 /* Main.storyboard */; };
		5F02CE9E25E85155000672A1 /* Assets.xcassets in Resources */ = {isa = PBXBuildFile; fileRef = 5F02CE9D25E85155000672A1 /* Assets.xcassets */; };
		5F02CEA125E85155000672A1 /* LaunchScreen.storyboard in Resources */ = {isa = PBXBuildFile; fileRef = 5F02CE9F25E85155000672A1 /* LaunchScreen.storyboard */; };
		5F637FBE25EC1690001BBDBA /* SwifteriOS.framework in Frameworks */ = {isa = PBXBuildFile; fileRef = 5F637FB025EC1615001BBDBA /* SwifteriOS.framework */; };
		5F637FBF25EC1690001BBDBA /* SwifteriOS.framework in Embed Frameworks */ = {isa = PBXBuildFile; fileRef = 5F637FB025EC1615001BBDBA /* SwifteriOS.framework */; settings = {ATTRIBUTES = (CodeSignOnCopy, RemoveHeadersOnCopy, ); }; };
		5F66838725EE7CE200B3B390 /* TweetSentimentClassifier.mlmodel in Sources */ = {isa = PBXBuildFile; fileRef = 5F66838125EE7CE200B3B390 /* TweetSentimentClassifier.mlmodel */; };
		5FF0C4AE25ED35A8001DC72A /* Secrets.plist in Resources */ = {isa = PBXBuildFile; fileRef = 5FF0C4AD25ED35A8001DC72A /* Secrets.plist */; };
/* End PBXBuildFile section */

/* Begin PBXContainerItemProxy section */
		5F637FAF25EC1615001BBDBA /* PBXContainerItemProxy */ = {
			isa = PBXContainerItemProxy;
			containerPortal = 5F637FA725EC1614001BBDBA /* Swifter.xcodeproj */;
			proxyType = 2;
			remoteGlobalIDString = 8B9F50EE1944A5AB00894629;
			remoteInfo = SwifteriOS;
		};
		5F637FB125EC1615001BBDBA /* PBXContainerItemProxy */ = {
			isa = PBXContainerItemProxy;
			containerPortal = 5F637FA725EC1614001BBDBA /* Swifter.xcodeproj */;
			proxyType = 2;
			remoteGlobalIDString = 8B9F51131944A61D00894629;
			remoteInfo = SwifterMac;
		};
		5F637FB325EC1615001BBDBA /* PBXContainerItemProxy */ = {
			isa = PBXContainerItemProxy;
			containerPortal = 5F637FA725EC1614001BBDBA /* Swifter.xcodeproj */;
			proxyType = 2;
			remoteGlobalIDString = 8B300C1F1944AA1A00993175;
			remoteInfo = SwifterDemoiOS;
		};
		5F637FB525EC1615001BBDBA /* PBXContainerItemProxy */ = {
			isa = PBXContainerItemProxy;
			containerPortal = 5F637FA725EC1614001BBDBA /* Swifter.xcodeproj */;
			proxyType = 2;
			remoteGlobalIDString = 8B300C471944AECB00993175;
			remoteInfo = SwifterDemoMac;
		};
		5F637FB725EC1615001BBDBA /* PBXContainerItemProxy */ = {
			isa = PBXContainerItemProxy;
			containerPortal = 5F637FA725EC1614001BBDBA /* Swifter.xcodeproj */;
			proxyType = 2;
			remoteGlobalIDString = F6B4D5751C7BAC4500E06514;
			remoteInfo = SwifterTests;
		};
/* End PBXContainerItemProxy section */

/* Begin PBXCopyFilesBuildPhase section */
		5F637FC025EC1691001BBDBA /* Embed Frameworks */ = {
			isa = PBXCopyFilesBuildPhase;
			buildActionMask = 2147483647;
			dstPath = "";
			dstSubfolderSpec = 10;
			files = (
				5F637FBF25EC1690001BBDBA /* SwifteriOS.framework in Embed Frameworks */,
			);
			name = "Embed Frameworks";
			runOnlyForDeploymentPostprocessing = 0;
		};
/* End PBXCopyFilesBuildPhase section */

/* Begin PBXFileReference section */
		2186C140B0308E1AD5E449D6 /* Pods-twitter-sentiment-analyzer.release.xcconfig */ = {isa = PBXFileReference; includeInIndex = 1; lastKnownFileType = text.xcconfig; name = "Pods-twitter-sentiment-analyzer.release.xcconfig"; path = "Target Support Files/Pods-twitter-sentiment-analyzer/Pods-twitter-sentiment-analyzer.release.xcconfig"; sourceTree = "<group>"; };
		5F02CE9125E85151000672A1 /* twitter-sentiment-analyzer.app */ = {isa = PBXFileReference; explicitFileType = wrapper.application; includeInIndex = 0; path = "twitter-sentiment-analyzer.app"; sourceTree = BUILT_PRODUCTS_DIR; };
		5F02CE9425E85151000672A1 /* AppDelegate.swift */ = {isa = PBXFileReference; lastKnownFileType = sourcecode.swift; path = AppDelegate.swift; sourceTree = "<group>"; };
		5F02CE9625E85151000672A1 /* SceneDelegate.swift */ = {isa = PBXFileReference; lastKnownFileType = sourcecode.swift; path = SceneDelegate.swift; sourceTree = "<group>"; };
		5F02CE9825E85151000672A1 /* ViewController.swift */ = {isa = PBXFileReference; lastKnownFileType = sourcecode.swift; path = ViewController.swift; sourceTree = "<group>"; };
		5F02CE9B25E85151000672A1 /* Base */ = {isa = PBXFileReference; lastKnownFileType = file.storyboard; name = Base; path = Base.lproj/Main.storyboard; sourceTree = "<group>"; };
		5F02CE9D25E85155000672A1 /* Assets.xcassets */ = {isa = PBXFileReference; lastKnownFileType = folder.assetcatalog; path = Assets.xcassets; sourceTree = "<group>"; };
		5F02CEA025E85155000672A1 /* Base */ = {isa = PBXFileReference; lastKnownFileType = file.storyboard; name = Base; path = Base.lproj/LaunchScreen.storyboard; sourceTree = "<group>"; };
		5F02CEA225E85155000672A1 /* Info.plist */ = {isa = PBXFileReference; lastKnownFileType = text.plist.xml; path = Info.plist; sourceTree = "<group>"; };
		5F637FA725EC1614001BBDBA /* Swifter.xcodeproj */ = {isa = PBXFileReference; lastKnownFileType = "wrapper.pb-project"; name = Swifter.xcodeproj; path = Swifter/Swifter.xcodeproj; sourceTree = "<group>"; };
		5F66838125EE7CE200B3B390 /* TweetSentimentClassifier.mlmodel */ = {isa = PBXFileReference; lastKnownFileType = file.mlmodel; path = TweetSentimentClassifier.mlmodel; sourceTree = "<group>"; };
		5FF0C4AD25ED35A8001DC72A /* Secrets.plist */ = {isa = PBXFileReference; lastKnownFileType = text.plist.xml; path = Secrets.plist; sourceTree = "<group>"; };
		8AFD088AAB88C74DEADA90D4 /* Pods_twitter_sentiment_analyzer.framework */ = {isa = PBXFileReference; explicitFileType = wrapper.framework; includeInIndex = 0; path = Pods_twitter_sentiment_analyzer.framework; sourceTree = BUILT_PRODUCTS_DIR; };
		9D4DC21877820FD4C7B82F1D /* Pods-twitter-sentiment-analyzer.debug.xcconfig */ = {isa = PBXFileReference; includeInIndex = 1; lastKnownFileType = text.xcconfig; name = "Pods-twitter-sentiment-analyzer.debug.xcconfig"; path = "Target Support Files/Pods-twitter-sentiment-analyzer/Pods-twitter-sentiment-analyzer.debug.xcconfig"; sourceTree = "<group>"; };
/* End PBXFileReference section */

/* Begin PBXFrameworksBuildPhase section */
		5F02CE8E25E85151000672A1 /* Frameworks */ = {
			isa = PBXFrameworksBuildPhase;
			buildActionMask = 2147483647;
			files = (
				5F637FBE25EC1690001BBDBA /* SwifteriOS.framework in Frameworks */,
				4F085913966972F9CDA173B8 /* Pods_twitter_sentiment_analyzer.framework in Frameworks */,
			);
			runOnlyForDeploymentPostprocessing = 0;
		};
/* End PBXFrameworksBuildPhase section */

/* Begin PBXGroup section */
		5F02CE8825E85151000672A1 = {
			isa = PBXGroup;
			children = (
				5F637FA725EC1614001BBDBA /* Swifter.xcodeproj */,
				5F02CE9325E85151000672A1 /* twitter-sentiment-analyzer */,
				5F02CE9225E85151000672A1 /* Products */,
				5F637FBD25EC1690001BBDBA /* Frameworks */,
				BD80D101F7FD891DD01DB255 /* Pods */,
			);
			sourceTree = "<group>";
		};
		5F02CE9225E85151000672A1 /* Products */ = {
			isa = PBXGroup;
			children = (
				5F02CE9125E85151000672A1 /* twitter-sentiment-analyzer.app */,
			);
			name = Products;
			sourceTree = "<group>";
		};
		5F02CE9325E85151000672A1 /* twitter-sentiment-analyzer */ = {
			isa = PBXGroup;
			children = (
				5F66838125EE7CE200B3B390 /* TweetSentimentClassifier.mlmodel */,
				5F02CE9425E85151000672A1 /* AppDelegate.swift */,
				5F02CE9625E85151000672A1 /* SceneDelegate.swift */,
				5F02CE9825E85151000672A1 /* ViewController.swift */,
				5FF0C4AD25ED35A8001DC72A /* Secrets.plist */,
				5F02CE9A25E85151000672A1 /* Main.storyboard */,
				5F02CE9D25E85155000672A1 /* Assets.xcassets */,
				5F02CE9F25E85155000672A1 /* LaunchScreen.storyboard */,
				5F02CEA225E85155000672A1 /* Info.plist */,
			);
			path = "twitter-sentiment-analyzer";
			sourceTree = "<group>";
		};
		5F637FA825EC1614001BBDBA /* Products */ = {
			isa = PBXGroup;
			children = (
				5F637FB025EC1615001BBDBA /* SwifteriOS.framework */,
				5F637FB225EC1615001BBDBA /* SwifterMac.framework */,
				5F637FB425EC1615001BBDBA /* SwifterDemoiOS.app */,
				5F637FB625EC1615001BBDBA /* SwifterDemoMac.app */,
				5F637FB825EC1615001BBDBA /* SwifterTests.xctest */,
			);
			name = Products;
			sourceTree = "<group>";
		};
		5F637FBD25EC1690001BBDBA /* Frameworks */ = {
			isa = PBXGroup;
			children = (
				8AFD088AAB88C74DEADA90D4 /* Pods_twitter_sentiment_analyzer.framework */,
			);
			name = Frameworks;
			sourceTree = "<group>";
		};
		BD80D101F7FD891DD01DB255 /* Pods */ = {
			isa = PBXGroup;
			children = (
				9D4DC21877820FD4C7B82F1D /* Pods-twitter-sentiment-analyzer.debug.xcconfig */,
				2186C140B0308E1AD5E449D6 /* Pods-twitter-sentiment-analyzer.release.xcconfig */,
			);
			name = Pods;
			path = Pods;
			sourceTree = "<group>";
		};
/* End PBXGroup section */

/* Begin PBXNativeTarget section */
		5F02CE9025E85151000672A1 /* twitter-sentiment-analyzer */ = {
			isa = PBXNativeTarget;
			buildConfigurationList = 5F02CEA525E85155000672A1 /* Build configuration list for PBXNativeTarget "twitter-sentiment-analyzer" */;
			buildPhases = (
				A86CDD5EB644ED84A35A718B /* [CP] Check Pods Manifest.lock */,
				5F02CE8D25E85151000672A1 /* Sources */,
				5F02CE8E25E85151000672A1 /* Frameworks */,
				5F02CE8F25E85151000672A1 /* Resources */,
				5F637FC025EC1691001BBDBA /* Embed Frameworks */,
				3A7B34772020770235560DDF /* [CP] Embed Pods Frameworks */,
			);
			buildRules = (
			);
			dependencies = (
			);
			name = "twitter-sentiment-analyzer";
			productName = "twitter-sentiment-analyzer";
			productReference = 5F02CE9125E85151000672A1 /* twitter-sentiment-analyzer.app */;
			productType = "com.apple.product-type.application";
		};
/* End PBXNativeTarget section */

/* Begin PBXProject section */
		5F02CE8925E85151000672A1 /* Project object */ = {
			isa = PBXProject;
			attributes = {
				LastSwiftUpdateCheck = 1240;
				LastUpgradeCheck = 1240;
				TargetAttributes = {
					5F02CE9025E85151000672A1 = {
						CreatedOnToolsVersion = 12.4;
					};
				};
			};
			buildConfigurationList = 5F02CE8C25E85151000672A1 /* Build configuration list for PBXProject "twitter-sentiment-analyzer" */;
			compatibilityVersion = "Xcode 9.3";
			developmentRegion = en;
			hasScannedForEncodings = 0;
			knownRegions = (
				en,
				Base,
			);
			mainGroup = 5F02CE8825E85151000672A1;
			productRefGroup = 5F02CE9225E85151000672A1 /* Products */;
			projectDirPath = "";
			projectReferences = (
				{
					ProductGroup = 5F637FA825EC1614001BBDBA /* Products */;
					ProjectRef = 5F637FA725EC1614001BBDBA /* Swifter.xcodeproj */;
				},
			);
			projectRoot = "";
			targets = (
				5F02CE9025E85151000672A1 /* twitter-sentiment-analyzer */,
			);
		};
/* End PBXProject section */

/* Begin PBXReferenceProxy section */
		5F637FB025EC1615001BBDBA /* SwifteriOS.framework */ = {
			isa = PBXReferenceProxy;
			fileType = wrapper.framework;
			path = SwifteriOS.framework;
			remoteRef = 5F637FAF25EC1615001BBDBA /* PBXContainerItemProxy */;
			sourceTree = BUILT_PRODUCTS_DIR;
		};
		5F637FB225EC1615001BBDBA /* SwifterMac.framework */ = {
			isa = PBXReferenceProxy;
			fileType = wrapper.framework;
			path = SwifterMac.framework;
			remoteRef = 5F637FB125EC1615001BBDBA /* PBXContainerItemProxy */;
			sourceTree = BUILT_PRODUCTS_DIR;
		};
		5F637FB425EC1615001BBDBA /* SwifterDemoiOS.app */ = {
			isa = PBXReferenceProxy;
			fileType = wrapper.application;
			path = SwifterDemoiOS.app;
			remoteRef = 5F637FB325EC1615001BBDBA /* PBXContainerItemProxy */;
			sourceTree = BUILT_PRODUCTS_DIR;
		};
		5F637FB625EC1615001BBDBA /* SwifterDemoMac.app */ = {
			isa = PBXReferenceProxy;
			fileType = wrapper.application;
			path = SwifterDemoMac.app;
			remoteRef = 5F637FB525EC1615001BBDBA /* PBXContainerItemProxy */;
			sourceTree = BUILT_PRODUCTS_DIR;
		};
		5F637FB825EC1615001BBDBA /* SwifterTests.xctest */ = {
			isa = PBXReferenceProxy;
			fileType = wrapper.cfbundle;
			path = SwifterTests.xctest;
			remoteRef = 5F637FB725EC1615001BBDBA /* PBXContainerItemProxy */;
			sourceTree = BUILT_PRODUCTS_DIR;
		};
/* End PBXReferenceProxy section */

/* Begin PBXResourcesBuildPhase section */
		5F02CE8F25E85151000672A1 /* Resources */ = {
			isa = PBXResourcesBuildPhase;
			buildActionMask = 2147483647;
			files = (
				5FF0C4AE25ED35A8001DC72A /* Secrets.plist in Resources */,
				5F02CEA125E85155000672A1 /* LaunchScreen.storyboard in Resources */,
				5F02CE9E25E85155000672A1 /* Assets.xcassets in Resources */,
				5F02CE9C25E85151000672A1 /* Main.storyboard in Resources */,
			);
			runOnlyForDeploymentPostprocessing = 0;
		};
/* End PBXResourcesBuildPhase section */

/* Begin PBXShellScriptBuildPhase section */
		3A7B34772020770235560DDF /* [CP] Embed Pods Frameworks */ = {
			isa = PBXShellScriptBuildPhase;
			buildActionMask = 2147483647;
			files = (
			);
			inputFileListPaths = (
				"${PODS_ROOT}/Target Support Files/Pods-twitter-sentiment-analyzer/Pods-twitter-sentiment-analyzer-frameworks-${CONFIGURATION}-input-files.xcfilelist",
			);
			name = "[CP] Embed Pods Frameworks";
			outputFileListPaths = (
				"${PODS_ROOT}/Target Support Files/Pods-twitter-sentiment-analyzer/Pods-twitter-sentiment-analyzer-frameworks-${CONFIGURATION}-output-files.xcfilelist",
			);
			runOnlyForDeploymentPostprocessing = 0;
			shellPath = /bin/sh;
			shellScript = "\"${PODS_ROOT}/Target Support Files/Pods-twitter-sentiment-analyzer/Pods-twitter-sentiment-analyzer-frameworks.sh\"\n";
			showEnvVarsInLog = 0;
		};
		A86CDD5EB644ED84A35A718B /* [CP] Check Pods Manifest.lock */ = {
			isa = PBXShellScriptBuildPhase;
			buildActionMask = 2147483647;
			files = (
			);
			inputFileListPaths = (
			);
			inputPaths = (
				"${PODS_PODFILE_DIR_PATH}/Podfile.lock",
				"${PODS_ROOT}/Manifest.lock",
			);
			name = "[CP] Check Pods Manifest.lock";
			outputFileListPaths = (
			);
			outputPaths = (
				"$(DERIVED_FILE_DIR)/Pods-twitter-sentiment-analyzer-checkManifestLockResult.txt",
			);
			runOnlyForDeploymentPostprocessing = 0;
			shellPath = /bin/sh;
			shellScript = "diff \"${PODS_PODFILE_DIR_PATH}/Podfile.lock\" \"${PODS_ROOT}/Manifest.lock\" > /dev/null\nif [ $? != 0 ] ; then\n    # print error to STDERR\n    echo \"error: The sandbox is not in sync with the Podfile.lock. Run 'pod install' or update your CocoaPods installation.\" >&2\n    exit 1\nfi\n# This output is used by Xcode 'outputs' to avoid re-running this script phase.\necho \"SUCCESS\" > \"${SCRIPT_OUTPUT_FILE_0}\"\n";
			showEnvVarsInLog = 0;
		};
/* End PBXShellScriptBuildPhase section */

/* Begin PBXSourcesBuildPhase section */
		5F02CE8D25E85151000672A1 /* Sources */ = {
			isa = PBXSourcesBuildPhase;
			buildActionMask = 2147483647;
			files = (
				5F02CE9925E85151000672A1 /* ViewController.swift in Sources */,
				5F02CE9525E85151000672A1 /* AppDelegate.swift in Sources */,
				5F66838725EE7CE200B3B390 /* TweetSentimentClassifier.mlmodel in Sources */,
				5F02CE9725E85151000672A1 /* SceneDelegate.swift in Sources */,
			);
			runOnlyForDeploymentPostprocessing = 0;
		};
/* End PBXSourcesBuildPhase section */

/* Begin PBXVariantGroup section */
		5F02CE9A25E85151000672A1 /* Main.storyboard */ = {
			isa = PBXVariantGroup;
			children = (
				5F02CE9B25E85151000672A1 /* Base */,
			);
			name = Main.storyboard;
			sourceTree = "<group>";
		};
		5F02CE9F25E85155000672A1 /* LaunchScreen.storyboard */ = {
			isa = PBXVariantGroup;
			children = (
				5F02CEA025E85155000672A1 /* Base */,
			);
			name = LaunchScreen.storyboard;
			sourceTree = "<group>";
		};
/* End PBXVariantGroup section */

/* Begin XCBuildConfiguration section */
		5F02CEA325E85155000672A1 /* Debug */ = {
			isa = XCBuildConfiguration;
			buildSettings = {
				ALWAYS_SEARCH_USER_PATHS = NO;
				CLANG_ANALYZER_NONNULL = YES;
				CLANG_ANALYZER_NUMBER_OBJECT_CONVERSION = YES_AGGRESSIVE;
				CLANG_CXX_LANGUAGE_STANDARD = "gnu++14";
				CLANG_CXX_LIBRARY = "libc++";
				CLANG_ENABLE_MODULES = YES;
				CLANG_ENABLE_OBJC_ARC = YES;
				CLANG_ENABLE_OBJC_WEAK = YES;
				CLANG_WARN_BLOCK_CAPTURE_AUTORELEASING = YES;
				CLANG_WARN_BOOL_CONVERSION = YES;
				CLANG_WARN_COMMA = YES;
				CLANG_WARN_CONSTANT_CONVERSION = YES;
				CLANG_WARN_DEPRECATED_OBJC_IMPLEMENTATIONS = YES;
				CLANG_WARN_DIRECT_OBJC_ISA_USAGE = YES_ERROR;
				CLANG_WARN_DOCUMENTATION_COMMENTS = YES;
				CLANG_WARN_EMPTY_BODY = YES;
				CLANG_WARN_ENUM_CONVERSION = YES;
				CLANG_WARN_INFINITE_RECURSION = YES;
				CLANG_WARN_INT_CONVERSION = YES;
				CLANG_WARN_NON_LITERAL_NULL_CONVERSION = YES;
				CLANG_WARN_OBJC_IMPLICIT_RETAIN_SELF = YES;
				CLANG_WARN_OBJC_LITERAL_CONVERSION = YES;
				CLANG_WARN_OBJC_ROOT_CLASS = YES_ERROR;
				CLANG_WARN_QUOTED_INCLUDE_IN_FRAMEWORK_HEADER = YES;
				CLANG_WARN_RANGE_LOOP_ANALYSIS = YES;
				CLANG_WARN_STRICT_PROTOTYPES = YES;
				CLANG_WARN_SUSPICIOUS_MOVE = YES;
				CLANG_WARN_UNGUARDED_AVAILABILITY = YES_AGGRESSIVE;
				CLANG_WARN_UNREACHABLE_CODE = YES;
				CLANG_WARN__DUPLICATE_METHOD_MATCH = YES;
				COPY_PHASE_STRIP = NO;
				DEBUG_INFORMATION_FORMAT = dwarf;
				ENABLE_STRICT_OBJC_MSGSEND = YES;
				ENABLE_TESTABILITY = YES;
				GCC_C_LANGUAGE_STANDARD = gnu11;
				GCC_DYNAMIC_NO_PIC = NO;
				GCC_NO_COMMON_BLOCKS = YES;
				GCC_OPTIMIZATION_LEVEL = 0;
				GCC_PREPROCESSOR_DEFINITIONS = (
					"DEBUG=1",
					"$(inherited)",
				);
				GCC_WARN_64_TO_32_BIT_CONVERSION = YES;
				GCC_WARN_ABOUT_RETURN_TYPE = YES_ERROR;
				GCC_WARN_UNDECLARED_SELECTOR = YES;
				GCC_WARN_UNINITIALIZED_AUTOS = YES_AGGRESSIVE;
				GCC_WARN_UNUSED_FUNCTION = YES;
				GCC_WARN_UNUSED_VARIABLE = YES;
				IPHONEOS_DEPLOYMENT_TARGET = 14.4;
				MTL_ENABLE_DEBUG_INFO = INCLUDE_SOURCE;
				MTL_FAST_MATH = YES;
				ONLY_ACTIVE_ARCH = YES;
				SDKROOT = iphoneos;
				SWIFT_ACTIVE_COMPILATION_CONDITIONS = DEBUG;
				SWIFT_OPTIMIZATION_LEVEL = "-Onone";
			};
			name = Debug;
		};
		5F02CEA425E85155000672A1 /* Release */ = {
			isa = XCBuildConfiguration;
			buildSettings = {
				ALWAYS_SEARCH_USER_PATHS = NO;
				CLANG_ANALYZER_NONNULL = YES;
				CLANG_ANALYZER_NUMBER_OBJECT_CONVERSION = YES_AGGRESSIVE;
				CLANG_CXX_LANGUAGE_STANDARD = "gnu++14";
				CLANG_CXX_LIBRARY = "libc++";
				CLANG_ENABLE_MODULES = YES;
				CLANG_ENABLE_OBJC_ARC = YES;
				CLANG_ENABLE_OBJC_WEAK = YES;
				CLANG_WARN_BLOCK_CAPTURE_AUTORELEASING = YES;
				CLANG_WARN_BOOL_CONVERSION = YES;
				CLANG_WARN_COMMA = YES;
				CLANG_WARN_CONSTANT_CONVERSION = YES;
				CLANG_WARN_DEPRECATED_OBJC_IMPLEMENTATIONS = YES;
				CLANG_WARN_DIRECT_OBJC_ISA_USAGE = YES_ERROR;
				CLANG_WARN_DOCUMENTATION_COMMENTS = YES;
				CLANG_WARN_EMPTY_BODY = YES;
				CLANG_WARN_ENUM_CONVERSION = YES;
				CLANG_WARN_INFINITE_RECURSION = YES;
				CLANG_WARN_INT_CONVERSION = YES;
				CLANG_WARN_NON_LITERAL_NULL_CONVERSION = YES;
				CLANG_WARN_OBJC_IMPLICIT_RETAIN_SELF = YES;
				CLANG_WARN_OBJC_LITERAL_CONVERSION = YES;
				CLANG_WARN_OBJC_ROOT_CLASS = YES_ERROR;
				CLANG_WARN_QUOTED_INCLUDE_IN_FRAMEWORK_HEADER = YES;
				CLANG_WARN_RANGE_LOOP_ANALYSIS = YES;
				CLANG_WARN_STRICT_PROTOTYPES = YES;
				CLANG_WARN_SUSPICIOUS_MOVE = YES;
				CLANG_WARN_UNGUARDED_AVAILABILITY = YES_AGGRESSIVE;
				CLANG_WARN_UNREACHABLE_CODE = YES;
				CLANG_WARN__DUPLICATE_METHOD_MATCH = YES;
				COPY_PHASE_STRIP = NO;
				DEBUG_INFORMATION_FORMAT = "dwarf-with-dsym";
				ENABLE_NS_ASSERTIONS = NO;
				ENABLE_STRICT_OBJC_MSGSEND = YES;
				GCC_C_LANGUAGE_STANDARD = gnu11;
				GCC_NO_COMMON_BLOCKS = YES;
				GCC_WARN_64_TO_32_BIT_CONVERSION = YES;
				GCC_WARN_ABOUT_RETURN_TYPE = YES_ERROR;
				GCC_WARN_UNDECLARED_SELECTOR = YES;
				GCC_WARN_UNINITIALIZED_AUTOS = YES_AGGRESSIVE;
				GCC_WARN_UNUSED_FUNCTION = YES;
				GCC_WARN_UNUSED_VARIABLE = YES;
				IPHONEOS_DEPLOYMENT_TARGET = 14.4;
				MTL_ENABLE_DEBUG_INFO = NO;
				MTL_FAST_MATH = YES;
				SDKROOT = iphoneos;
				SWIFT_COMPILATION_MODE = wholemodule;
				SWIFT_OPTIMIZATION_LEVEL = "-O";
				VALIDATE_PRODUCT = YES;
			};
			name = Release;
		};
		5F02CEA625E85155000672A1 /* Debug */ = {
			isa = XCBuildConfiguration;
			baseConfigurationReference = 9D4DC21877820FD4C7B82F1D /* Pods-twitter-sentiment-analyzer.debug.xcconfig */;
			buildSettings = {
				ASSETCATALOG_COMPILER_APPICON_NAME = AppIcon;
				ASSETCATALOG_COMPILER_GLOBAL_ACCENT_COLOR_NAME = AccentColor;
				CODE_SIGN_STYLE = Automatic;
				DEVELOPMENT_TEAM = 7KLRM5P4S7;
				INFOPLIST_FILE = "twitter-sentiment-analyzer/Info.plist";
				LD_RUNPATH_SEARCH_PATHS = (
					"$(inherited)",
					"@executable_path/Frameworks",
				);
				PRODUCT_BUNDLE_IDENTIFIER = "com.marcopolokk.twitter-sentiment-analyzer";
				PRODUCT_NAME = "$(TARGET_NAME)";
				SWIFT_VERSION = 5.0;
				TARGETED_DEVICE_FAMILY = "1,2";
			};
			name = Debug;
		};
		5F02CEA725E85155000672A1 /* Release */ = {
			isa = XCBuildConfiguration;
			baseConfigurationReference = 2186C140B0308E1AD5E449D6 /* Pods-twitter-sentiment-analyzer.release.xcconfig */;
			buildSettings = {
				ASSETCATALOG_COMPILER_APPICON_NAME = AppIcon;
				ASSETCATALOG_COMPILER_GLOBAL_ACCENT_COLOR_NAME = AccentColor;
				CODE_SIGN_STYLE = Automatic;
				DEVELOPMENT_TEAM = 7KLRM5P4S7;
				INFOPLIST_FILE = "twitter-sentiment-analyzer/Info.plist";
				LD_RUNPATH_SEARCH_PATHS = (
					"$(inherited)",
					"@executable_path/Frameworks",
				);
				PRODUCT_BUNDLE_IDENTIFIER = "com.marcopolokk.twitter-sentiment-analyzer";
				PRODUCT_NAME = "$(TARGET_NAME)";
				SWIFT_VERSION = 5.0;
				TARGETED_DEVICE_FAMILY = "1,2";
			};
			name = Release;
		};
/* End XCBuildConfiguration section */

/* Begin XCConfigurationList section */
		5F02CE8C25E85151000672A1 /* Build configuration list for PBXProject "twitter-sentiment-analyzer" */ = {
			isa = XCConfigurationList;
			buildConfigurations = (
				5F02CEA325E85155000672A1 /* Debug */,
				5F02CEA425E85155000672A1 /* Release */,
			);
			defaultConfigurationIsVisible = 0;
			defaultConfigurationName = Release;
		};
		5F02CEA525E85155000672A1 /* Build configuration list for PBXNativeTarget "twitter-sentiment-analyzer" */ = {
			isa = XCConfigurationList;
			buildConfigurations = (
				5F02CEA625E85155000672A1 /* Debug */,
				5F02CEA725E85155000672A1 /* Release */,
			);
			defaultConfigurationIsVisible = 0;
			defaultConfigurationName = Release;
		};
/* End XCConfigurationList section */
	};
	rootObject = 5F02CE8925E85151000672A1 /* Project object */;
}
